
Microsoft Visual Studio Solution File, Format Version 12.00
# Visual Studio 14
VisualStudioVersion = 14.0.22823.1
MinimumVisualStudioVersion = 10.0.40219.1
Project("{FAE04EC0-301F-11D3-BF4B-00C04F79EFBC}") = "GoogleForZamelMap", "GoogleForZamelMap\GoogleForZamelMap.csproj", "{E0C2CA76-2E94-47DF-B1C5-191DA53BC6C8}"
EndProject
Project("{FAE04EC0-301F-11D3-BF4B-00C04F79EFBC}") = "TestUi", "TestUi\TestUi.csproj", "{644D5F79-7EA7-4C0A-A634-9513D2993205}"
EndProject
Project("{2150E333-8FDC-42A3-9474-1A3956D46DE8}") = "Solution Items", "Solution Items", "{8E18B9F1-41ED-413E-9CBD-FD6DEC5DF197}"
	ProjectSection(SolutionItems) = preProject
		Readme.md = Readme.md
		C:\Users\John\Pictures\Untitled.png = C:\Users\John\Pictures\Untitled.png
	EndProjectSection
EndProject
Global
	GlobalSection(SolutionConfigurationPlatforms) = preSolution
		Debug|Any CPU = Debug|Any CPU
		Release|Any CPU = Release|Any CPU
	EndGlobalSection
	GlobalSection(ProjectConfigurationPlatforms) = postSolution
		{E0C2CA76-2E94-47DF-B1C5-191DA53BC6C8}.Debug|Any CPU.ActiveCfg = Debug|Any CPU
		{E0C2CA76-2E94-47DF-B1C5-191DA53BC6C8}.Debug|Any CPU.Build.0 = Debug|Any CPU
		{E0C2CA76-2E94-47DF-B1C5-191DA53BC6C8}.Release|Any CPU.ActiveCfg = Release|Any CPU
		{E0C2CA76-2E94-47DF-B1C5-191DA53BC6C8}.Release|Any CPU.Build.0 = Release|Any CPU
		{644D5F79-7EA7-4C0A-A634-9513D2993205}.Debug|Any CPU.ActiveCfg = Debug|Any CPU
		{644D5F79-7EA7-4C0A-A634-9513D2993205}.Debug|Any CPU.Build.0 = Debug|Any CPU
		{644D5F79-7EA7-4C0A-A634-9513D2993205}.Release|Any CPU.ActiveCfg = Release|Any CPU
		{644D5F79-7EA7-4C0A-A634-9513D2993205}.Release|Any CPU.Build.0 = Release|Any CPU
	EndGlobalSection
	GlobalSection(SolutionProperties) = preSolution
		HideSolutionNode = FALSE
	EndGlobalSection
EndGlobal
